
Microsoft Visual Studio Solution File, Format Version 12.00
# Visual Studio Version 17
VisualStudioVersion = 17.14.36414.22 d17.14
MinimumVisualStudioVersion = 10.0.40219.1
Project("{FAE04EC0-301F-11D3-BF4B-00C04F79EFBC}") = "Comodo", "Comodo\Comodo.csproj", "{BEC3C084-DA9C-4D38-B47B-69450883BCA6}"
EndProject
Global
	GlobalSection(SolutionConfigurationPlatforms) = preSolution
		Debug|Any CPU = Debug|Any CPU
		Release|Any CPU = Release|Any CPU
	EndGlobalSection
	GlobalSection(ProjectConfigurationPlatforms) = postSolution
		{BEC3C084-DA9C-4D38-B47B-69450883BCA6}.Debug|Any CPU.ActiveCfg = Debug|Any CPU
		{BEC3C084-DA9C-4D38-B47B-69450883BCA6}.Debug|Any CPU.Build.0 = Debug|Any CPU
		{BEC3C084-DA9C-4D38-B47B-69450883BCA6}.Release|Any CPU.ActiveCfg = Release|Any CPU
		{BEC3C084-DA9C-4D38-B47B-69450883BCA6}.Release|Any CPU.Build.0 = Release|Any CPU
	EndGlobalSection
	GlobalSection(SolutionProperties) = preSolution
		HideSolutionNode = FALSE
	EndGlobalSection
	GlobalSection(ExtensibilityGlobals) = postSolution
		SolutionGuid = {4628DC7C-853C-43ED-BC4E-2F2CD49C9943}
	EndGlobalSection
EndGlobal
